
Microsoft Visual Studio Solution File, Format Version 12.00
# Visual Studio 15
VisualStudioVersion = 15.0.28010.2048
MinimumVisualStudioVersion = 10.0.40219.1
Project("{FAE04EC0-301F-11D3-BF4B-00C04F79EFBC}") = "C6P1", "C6P1\C6P1.csproj", "{990DB827-24F0-4551-B8EC-E245B4A8C6B0}"
EndProject
Global
	GlobalSection(SolutionConfigurationPlatforms) = preSolution
		Debug|Any CPU = Debug|Any CPU
		Release|Any CPU = Release|Any CPU
	EndGlobalSection
	GlobalSection(ProjectConfigurationPlatforms) = postSolution
		{990DB827-24F0-4551-B8EC-E245B4A8C6B0}.Debug|Any CPU.ActiveCfg = Debug|Any CPU
		{990DB827-24F0-4551-B8EC-E245B4A8C6B0}.Debug|Any CPU.Build.0 = Debug|Any CPU
		{990DB827-24F0-4551-B8EC-E245B4A8C6B0}.Release|Any CPU.ActiveCfg = Release|Any CPU
		{990DB827-24F0-4551-B8EC-E245B4A8C6B0}.Release|Any CPU.Build.0 = Release|Any CPU
	EndGlobalSection
	GlobalSection(SolutionProperties) = preSolution
		HideSolutionNode = FALSE
	EndGlobalSection
	GlobalSection(ExtensibilityGlobals) = postSolution
		SolutionGuid = {816658B6-E8BC-483B-9667-F37804F756D1}
	EndGlobalSection
EndGlobal
