
Microsoft Visual Studio Solution File, Format Version 12.00
# Visual Studio 15
VisualStudioVersion = 15.0.28010.2048
MinimumVisualStudioVersion = 10.0.40219.1
Project("{FAE04EC0-301F-11D3-BF4B-00C04F79EFBC}") = "C4P3", "C4P3\C4P3.csproj", "{D15A306E-C3A7-4854-A43E-63F37ACF5462}"
EndProject
Global
	GlobalSection(SolutionConfigurationPlatforms) = preSolution
		Debug|Any CPU = Debug|Any CPU
		Release|Any CPU = Release|Any CPU
	EndGlobalSection
	GlobalSection(ProjectConfigurationPlatforms) = postSolution
		{D15A306E-C3A7-4854-A43E-63F37ACF5462}.Debug|Any CPU.ActiveCfg = Debug|Any CPU
		{D15A306E-C3A7-4854-A43E-63F37ACF5462}.Debug|Any CPU.Build.0 = Debug|Any CPU
		{D15A306E-C3A7-4854-A43E-63F37ACF5462}.Release|Any CPU.ActiveCfg = Release|Any CPU
		{D15A306E-C3A7-4854-A43E-63F37ACF5462}.Release|Any CPU.Build.0 = Release|Any CPU
	EndGlobalSection
	GlobalSection(SolutionProperties) = preSolution
		HideSolutionNode = FALSE
	EndGlobalSection
	GlobalSection(ExtensibilityGlobals) = postSolution
		SolutionGuid = {27676A2A-C34F-4B11-9073-7EE6B29651AB}
	EndGlobalSection
EndGlobal
