
Microsoft Visual Studio Solution File, Format Version 12.00
# Visual Studio 15
VisualStudioVersion = 15.0.28010.2048
MinimumVisualStudioVersion = 10.0.40219.1
Project("{FAE04EC0-301F-11D3-BF4B-00C04F79EFBC}") = "C2P3", "C2P3\C2P3.csproj", "{0FE9659E-E390-4012-BFC8-1E694F9A2200}"
EndProject
Global
	GlobalSection(SolutionConfigurationPlatforms) = preSolution
		Debug|Any CPU = Debug|Any CPU
		Release|Any CPU = Release|Any CPU
	EndGlobalSection
	GlobalSection(ProjectConfigurationPlatforms) = postSolution
		{0FE9659E-E390-4012-BFC8-1E694F9A2200}.Debug|Any CPU.ActiveCfg = Debug|Any CPU
		{0FE9659E-E390-4012-BFC8-1E694F9A2200}.Debug|Any CPU.Build.0 = Debug|Any CPU
		{0FE9659E-E390-4012-BFC8-1E694F9A2200}.Release|Any CPU.ActiveCfg = Release|Any CPU
		{0FE9659E-E390-4012-BFC8-1E694F9A2200}.Release|Any CPU.Build.0 = Release|Any CPU
	EndGlobalSection
	GlobalSection(SolutionProperties) = preSolution
		HideSolutionNode = FALSE
	EndGlobalSection
	GlobalSection(ExtensibilityGlobals) = postSolution
		SolutionGuid = {0D273920-571A-41C4-A1EC-5F4A29A6BE84}
	EndGlobalSection
EndGlobal
