
Microsoft Visual Studio Solution File, Format Version 12.00
# Visual Studio 15
VisualStudioVersion = 15.0.28010.2048
MinimumVisualStudioVersion = 10.0.40219.1
Project("{FAE04EC0-301F-11D3-BF4B-00C04F79EFBC}") = "C4P2", "C4P2\C4P2.csproj", "{D6096A4A-D67D-4E21-9FD9-4C0F8937D303}"
EndProject
Global
	GlobalSection(SolutionConfigurationPlatforms) = preSolution
		Debug|Any CPU = Debug|Any CPU
		Release|Any CPU = Release|Any CPU
	EndGlobalSection
	GlobalSection(ProjectConfigurationPlatforms) = postSolution
		{D6096A4A-D67D-4E21-9FD9-4C0F8937D303}.Debug|Any CPU.ActiveCfg = Debug|Any CPU
		{D6096A4A-D67D-4E21-9FD9-4C0F8937D303}.Debug|Any CPU.Build.0 = Debug|Any CPU
		{D6096A4A-D67D-4E21-9FD9-4C0F8937D303}.Release|Any CPU.ActiveCfg = Release|Any CPU
		{D6096A4A-D67D-4E21-9FD9-4C0F8937D303}.Release|Any CPU.Build.0 = Release|Any CPU
	EndGlobalSection
	GlobalSection(SolutionProperties) = preSolution
		HideSolutionNode = FALSE
	EndGlobalSection
	GlobalSection(ExtensibilityGlobals) = postSolution
		SolutionGuid = {55B6FC1D-0E50-4A2A-B351-EB5A32A5F678}
	EndGlobalSection
EndGlobal
