
Microsoft Visual Studio Solution File, Format Version 12.00
# Visual Studio 15
VisualStudioVersion = 15.0.28010.2048
MinimumVisualStudioVersion = 10.0.40219.1
Project("{FAE04EC0-301F-11D3-BF4B-00C04F79EFBC}") = "C1P1", "C1P1\C1P1.csproj", "{17E85440-A489-42AF-9230-AC9B4557B6B6}"
EndProject
Global
	GlobalSection(SolutionConfigurationPlatforms) = preSolution
		Debug|Any CPU = Debug|Any CPU
		Release|Any CPU = Release|Any CPU
	EndGlobalSection
	GlobalSection(ProjectConfigurationPlatforms) = postSolution
		{17E85440-A489-42AF-9230-AC9B4557B6B6}.Debug|Any CPU.ActiveCfg = Debug|Any CPU
		{17E85440-A489-42AF-9230-AC9B4557B6B6}.Debug|Any CPU.Build.0 = Debug|Any CPU
		{17E85440-A489-42AF-9230-AC9B4557B6B6}.Release|Any CPU.ActiveCfg = Release|Any CPU
		{17E85440-A489-42AF-9230-AC9B4557B6B6}.Release|Any CPU.Build.0 = Release|Any CPU
	EndGlobalSection
	GlobalSection(SolutionProperties) = preSolution
		HideSolutionNode = FALSE
	EndGlobalSection
	GlobalSection(ExtensibilityGlobals) = postSolution
		SolutionGuid = {44066B0A-CF05-4797-8C5F-AD69ABEFF8EC}
	EndGlobalSection
EndGlobal
