
Microsoft Visual Studio Solution File, Format Version 12.00
# Visual Studio 15
VisualStudioVersion = 15.0.28010.2048
MinimumVisualStudioVersion = 10.0.40219.1
Project("{FAE04EC0-301F-11D3-BF4B-00C04F79EFBC}") = "C7P1", "C7P1\C7P1.csproj", "{7FB0883F-51F3-4DC6-97A3-5D4AE06D42CC}"
EndProject
Global
	GlobalSection(SolutionConfigurationPlatforms) = preSolution
		Debug|Any CPU = Debug|Any CPU
		Release|Any CPU = Release|Any CPU
	EndGlobalSection
	GlobalSection(ProjectConfigurationPlatforms) = postSolution
		{7FB0883F-51F3-4DC6-97A3-5D4AE06D42CC}.Debug|Any CPU.ActiveCfg = Debug|Any CPU
		{7FB0883F-51F3-4DC6-97A3-5D4AE06D42CC}.Debug|Any CPU.Build.0 = Debug|Any CPU
		{7FB0883F-51F3-4DC6-97A3-5D4AE06D42CC}.Release|Any CPU.ActiveCfg = Release|Any CPU
		{7FB0883F-51F3-4DC6-97A3-5D4AE06D42CC}.Release|Any CPU.Build.0 = Release|Any CPU
	EndGlobalSection
	GlobalSection(SolutionProperties) = preSolution
		HideSolutionNode = FALSE
	EndGlobalSection
	GlobalSection(ExtensibilityGlobals) = postSolution
		SolutionGuid = {15F59705-43A7-4702-9035-FBD03F0A9C58}
	EndGlobalSection
EndGlobal
